
Microsoft Visual Studio Solution File, Format Version 12.00
Project("{FAE04EC0-301F-11D3-BF4B-00C04F79EFBC}") = "unit-of-work-pattern-csharp", "unit-of-work-pattern-csharp\unit-of-work-pattern-csharp.csproj", "{1E2AB9FF-308E-40F5-A75D-5F4C96274976}"
EndProject
Project("{FAE04EC0-301F-11D3-BF4B-00C04F79EFBC}") = "unit-of-work-pattern-csharp-domain", "unit-of-work-pattern-csharp-domain\unit-of-work-pattern-csharp-domain.csproj", "{81F65468-7336-46A2-996A-F1CE8DE15F37}"
EndProject
Global
	GlobalSection(SolutionConfigurationPlatforms) = preSolution
		Debug|Any CPU = Debug|Any CPU
		Release|Any CPU = Release|Any CPU
	EndGlobalSection
	GlobalSection(ProjectConfigurationPlatforms) = postSolution
		{1E2AB9FF-308E-40F5-A75D-5F4C96274976}.Debug|Any CPU.ActiveCfg = Debug|Any CPU
		{1E2AB9FF-308E-40F5-A75D-5F4C96274976}.Debug|Any CPU.Build.0 = Debug|Any CPU
		{1E2AB9FF-308E-40F5-A75D-5F4C96274976}.Release|Any CPU.ActiveCfg = Release|Any CPU
		{1E2AB9FF-308E-40F5-A75D-5F4C96274976}.Release|Any CPU.Build.0 = Release|Any CPU
		{81F65468-7336-46A2-996A-F1CE8DE15F37}.Debug|Any CPU.ActiveCfg = Debug|Any CPU
		{81F65468-7336-46A2-996A-F1CE8DE15F37}.Debug|Any CPU.Build.0 = Debug|Any CPU
		{81F65468-7336-46A2-996A-F1CE8DE15F37}.Release|Any CPU.ActiveCfg = Release|Any CPU
		{81F65468-7336-46A2-996A-F1CE8DE15F37}.Release|Any CPU.Build.0 = Release|Any CPU
	EndGlobalSection
EndGlobal
